
Microsoft Visual Studio Solution File, Format Version 12.00
# Visual Studio Version 17
VisualStudioVersion = 17.2.32616.157
MinimumVisualStudioVersion = 10.0.40219.1
Project("{9A19103F-16F7-4668-BE54-9A1E7A4F7556}") = "TransactionScopeSample", "TransactionScopeSample\TransactionScopeSample.csproj", "{5734199B-F168-4303-A537-0F7433FF93AC}"
EndProject
Project("{9A19103F-16F7-4668-BE54-9A1E7A4F7556}") = "SampleWindowsService", "SampleWindowsService\SampleWindowsService.csproj", "{3CDDA444-F3AF-46CA-8371-1D048D1F711D}"
EndProject
Project("{9A19103F-16F7-4668-BE54-9A1E7A4F7556}") = "TaskSample", "TaskSample\TaskSample.csproj", "{A480DF49-3AB3-4908-B508-25267DD45976}"
EndProject
Project("{9A19103F-16F7-4668-BE54-9A1E7A4F7556}") = "DotnetCoreMiddlewareSample", "DotnetCoreMiddlewareSample\DotnetCoreMiddlewareSample.csproj", "{44870F97-AC48-43A8-AD11-118411A4CEBC}"
EndProject
Project("{9A19103F-16F7-4668-BE54-9A1E7A4F7556}") = "ProtoActorHelloWordSample", "ProtoActorHelloWordSample\ProtoActorHelloWordSample.csproj", "{43798831-E004-40C7-B0C3-85D8A61C0DF6}"
EndProject
Project("{9A19103F-16F7-4668-BE54-9A1E7A4F7556}") = "DotnetCoreCqrsMediatR", "DotnetCoreCqrsMediatR\DotnetCoreCqrsMediatR.csproj", "{C9A95A6F-1AEA-460F-B1C6-CE062C94B43F}"
EndProject
Project("{9A19103F-16F7-4668-BE54-9A1E7A4F7556}") = "DotnetCoreStackExchangeRedisSample", "DotnetCoreStackExchangeRedisSample\DotnetCoreStackExchangeRedisSample.csproj", "{CE192847-9CEA-4A41-9AC3-0DF3F2FBA45C}"
EndProject
Project("{9A19103F-16F7-4668-BE54-9A1E7A4F7556}") = "InventorySalesCLIApplication", "InventorySalesCLIApplication\InventorySalesCLIApplication.csproj", "{6983C051-068A-4E69-A7BD-2060FD2CA815}"
EndProject
Project("{FAE04EC0-301F-11D3-BF4B-00C04F79EFBC}") = "GrpcGreeter", "GrpcGreeter\GrpcGreeter.csproj", "{E9F27905-92BC-4692-B73B-F491CF4C4BFE}"
EndProject
Project("{FAE04EC0-301F-11D3-BF4B-00C04F79EFBC}") = "GrpcGreeterClient", "GrpcGreeterClient\GrpcGreeterClient.csproj", "{AAA657B1-2E12-4945-AABF-A250F321EAED}"
EndProject
Global
	GlobalSection(SolutionConfigurationPlatforms) = preSolution
		Debug|Any CPU = Debug|Any CPU
		Release|Any CPU = Release|Any CPU
	EndGlobalSection
	GlobalSection(ProjectConfigurationPlatforms) = postSolution
		{5734199B-F168-4303-A537-0F7433FF93AC}.Debug|Any CPU.ActiveCfg = Debug|Any CPU
		{5734199B-F168-4303-A537-0F7433FF93AC}.Debug|Any CPU.Build.0 = Debug|Any CPU
		{5734199B-F168-4303-A537-0F7433FF93AC}.Release|Any CPU.ActiveCfg = Release|Any CPU
		{5734199B-F168-4303-A537-0F7433FF93AC}.Release|Any CPU.Build.0 = Release|Any CPU
		{3CDDA444-F3AF-46CA-8371-1D048D1F711D}.Debug|Any CPU.ActiveCfg = Debug|Any CPU
		{3CDDA444-F3AF-46CA-8371-1D048D1F711D}.Debug|Any CPU.Build.0 = Debug|Any CPU
		{3CDDA444-F3AF-46CA-8371-1D048D1F711D}.Release|Any CPU.ActiveCfg = Release|Any CPU
		{3CDDA444-F3AF-46CA-8371-1D048D1F711D}.Release|Any CPU.Build.0 = Release|Any CPU
		{A480DF49-3AB3-4908-B508-25267DD45976}.Debug|Any CPU.ActiveCfg = Debug|Any CPU
		{A480DF49-3AB3-4908-B508-25267DD45976}.Debug|Any CPU.Build.0 = Debug|Any CPU
		{A480DF49-3AB3-4908-B508-25267DD45976}.Release|Any CPU.ActiveCfg = Release|Any CPU
		{A480DF49-3AB3-4908-B508-25267DD45976}.Release|Any CPU.Build.0 = Release|Any CPU
		{44870F97-AC48-43A8-AD11-118411A4CEBC}.Debug|Any CPU.ActiveCfg = Debug|Any CPU
		{44870F97-AC48-43A8-AD11-118411A4CEBC}.Debug|Any CPU.Build.0 = Debug|Any CPU
		{44870F97-AC48-43A8-AD11-118411A4CEBC}.Release|Any CPU.ActiveCfg = Release|Any CPU
		{44870F97-AC48-43A8-AD11-118411A4CEBC}.Release|Any CPU.Build.0 = Release|Any CPU
		{43798831-E004-40C7-B0C3-85D8A61C0DF6}.Debug|Any CPU.ActiveCfg = Debug|Any CPU
		{43798831-E004-40C7-B0C3-85D8A61C0DF6}.Debug|Any CPU.Build.0 = Debug|Any CPU
		{43798831-E004-40C7-B0C3-85D8A61C0DF6}.Release|Any CPU.ActiveCfg = Release|Any CPU
		{43798831-E004-40C7-B0C3-85D8A61C0DF6}.Release|Any CPU.Build.0 = Release|Any CPU
		{C9A95A6F-1AEA-460F-B1C6-CE062C94B43F}.Debug|Any CPU.ActiveCfg = Debug|Any CPU
		{C9A95A6F-1AEA-460F-B1C6-CE062C94B43F}.Debug|Any CPU.Build.0 = Debug|Any CPU
		{C9A95A6F-1AEA-460F-B1C6-CE062C94B43F}.Release|Any CPU.ActiveCfg = Release|Any CPU
		{C9A95A6F-1AEA-460F-B1C6-CE062C94B43F}.Release|Any CPU.Build.0 = Release|Any CPU
		{CE192847-9CEA-4A41-9AC3-0DF3F2FBA45C}.Debug|Any CPU.ActiveCfg = Debug|Any CPU
		{CE192847-9CEA-4A41-9AC3-0DF3F2FBA45C}.Debug|Any CPU.Build.0 = Debug|Any CPU
		{CE192847-9CEA-4A41-9AC3-0DF3F2FBA45C}.Release|Any CPU.ActiveCfg = Release|Any CPU
		{CE192847-9CEA-4A41-9AC3-0DF3F2FBA45C}.Release|Any CPU.Build.0 = Release|Any CPU
		{6983C051-068A-4E69-A7BD-2060FD2CA815}.Debug|Any CPU.ActiveCfg = Debug|Any CPU
		{6983C051-068A-4E69-A7BD-2060FD2CA815}.Debug|Any CPU.Build.0 = Debug|Any CPU
		{6983C051-068A-4E69-A7BD-2060FD2CA815}.Release|Any CPU.ActiveCfg = Release|Any CPU
		{6983C051-068A-4E69-A7BD-2060FD2CA815}.Release|Any CPU.Build.0 = Release|Any CPU
		{E9F27905-92BC-4692-B73B-F491CF4C4BFE}.Debug|Any CPU.ActiveCfg = Debug|Any CPU
		{E9F27905-92BC-4692-B73B-F491CF4C4BFE}.Debug|Any CPU.Build.0 = Debug|Any CPU
		{E9F27905-92BC-4692-B73B-F491CF4C4BFE}.Release|Any CPU.ActiveCfg = Release|Any CPU
		{E9F27905-92BC-4692-B73B-F491CF4C4BFE}.Release|Any CPU.Build.0 = Release|Any CPU
		{AAA657B1-2E12-4945-AABF-A250F321EAED}.Debug|Any CPU.ActiveCfg = Debug|Any CPU
		{AAA657B1-2E12-4945-AABF-A250F321EAED}.Debug|Any CPU.Build.0 = Debug|Any CPU
		{AAA657B1-2E12-4945-AABF-A250F321EAED}.Release|Any CPU.ActiveCfg = Release|Any CPU
		{AAA657B1-2E12-4945-AABF-A250F321EAED}.Release|Any CPU.Build.0 = Release|Any CPU
	EndGlobalSection
	GlobalSection(SolutionProperties) = preSolution
		HideSolutionNode = FALSE
	EndGlobalSection
	GlobalSection(ExtensibilityGlobals) = postSolution
		SolutionGuid = {9446EDAE-D386-4D7D-99F0-6BE4A0751B2C}
	EndGlobalSection
EndGlobal
