
Microsoft Visual Studio Solution File, Format Version 12.00
# Visual Studio Version 16
VisualStudioVersion = 16.0.31205.134
MinimumVisualStudioVersion = 10.0.40219.1
Project("{9A19103F-16F7-4668-BE54-9A1E7A4F7556}") = "TransactionScopeSample", "TransactionScopeSample\TransactionScopeSample.csproj", "{5734199B-F168-4303-A537-0F7433FF93AC}"
EndProject
Project("{FAE04EC0-301F-11D3-BF4B-00C04F79EFBC}") = "SampleWindowsService", "SampleWindowsService\SampleWindowsService.csproj", "{3CDDA444-F3AF-46CA-8371-1D048D1F711D}"
EndProject
Project("{FAE04EC0-301F-11D3-BF4B-00C04F79EFBC}") = "TaskSample", "TaskSample\TaskSample.csproj", "{A480DF49-3AB3-4908-B508-25267DD45976}"
EndProject
Global
	GlobalSection(SolutionConfigurationPlatforms) = preSolution
		Debug|Any CPU = Debug|Any CPU
		Release|Any CPU = Release|Any CPU
	EndGlobalSection
	GlobalSection(ProjectConfigurationPlatforms) = postSolution
		{5734199B-F168-4303-A537-0F7433FF93AC}.Debug|Any CPU.ActiveCfg = Debug|Any CPU
		{5734199B-F168-4303-A537-0F7433FF93AC}.Debug|Any CPU.Build.0 = Debug|Any CPU
		{5734199B-F168-4303-A537-0F7433FF93AC}.Release|Any CPU.ActiveCfg = Release|Any CPU
		{5734199B-F168-4303-A537-0F7433FF93AC}.Release|Any CPU.Build.0 = Release|Any CPU
		{3CDDA444-F3AF-46CA-8371-1D048D1F711D}.Debug|Any CPU.ActiveCfg = Debug|Any CPU
		{3CDDA444-F3AF-46CA-8371-1D048D1F711D}.Debug|Any CPU.Build.0 = Debug|Any CPU
		{3CDDA444-F3AF-46CA-8371-1D048D1F711D}.Release|Any CPU.ActiveCfg = Release|Any CPU
		{3CDDA444-F3AF-46CA-8371-1D048D1F711D}.Release|Any CPU.Build.0 = Release|Any CPU
		{A480DF49-3AB3-4908-B508-25267DD45976}.Debug|Any CPU.ActiveCfg = Debug|Any CPU
		{A480DF49-3AB3-4908-B508-25267DD45976}.Debug|Any CPU.Build.0 = Debug|Any CPU
		{A480DF49-3AB3-4908-B508-25267DD45976}.Release|Any CPU.ActiveCfg = Release|Any CPU
		{A480DF49-3AB3-4908-B508-25267DD45976}.Release|Any CPU.Build.0 = Release|Any CPU
	EndGlobalSection
	GlobalSection(SolutionProperties) = preSolution
		HideSolutionNode = FALSE
	EndGlobalSection
	GlobalSection(ExtensibilityGlobals) = postSolution
		SolutionGuid = {9446EDAE-D386-4D7D-99F0-6BE4A0751B2C}
	EndGlobalSection
EndGlobal
